// !$*UTF8*$!
{
	archiveVersion = 1;
	classes = {
	};
	objectVersion = 46;
	objects = {

/* Begin PBXBuildFile section */
		01F7B877683ABD81346731F5 /* Pods_Judo_HeroesTests.framework in Frameworks */ = {isa = PBXBuildFile; fileRef = AB539F89C670EE9463C180B0 /* Pods_Judo_HeroesTests.framework */; };
		196700051E8E57FA002F0A8E /* Judo_HeroesUITests.swift in Sources */ = {isa = PBXBuildFile; fileRef = 196700041E8E57FA002F0A8E /* Judo_HeroesUITests.swift */; };
		1967FFE21E8E57F9002F0A8E /* AppDelegate.swift in Sources */ = {isa = PBXBuildFile; fileRef = 1967FFE11E8E57F9002F0A8E /* AppDelegate.swift */; };
		1967FFE41E8E57F9002F0A8E /* ViewController.swift in Sources */ = {isa = PBXBuildFile; fileRef = 1967FFE31E8E57F9002F0A8E /* ViewController.swift */; };
		1967FFE71E8E57F9002F0A8E /* Main.storyboard in Resources */ = {isa = PBXBuildFile; fileRef = 1967FFE51E8E57F9002F0A8E /* Main.storyboard */; };
		1967FFEA1E8E57F9002F0A8E /* Judo_Heroes.xcdatamodeld in Sources */ = {isa = PBXBuildFile; fileRef = 1967FFE81E8E57F9002F0A8E /* Judo_Heroes.xcdatamodeld */; };
		1967FFEC1E8E57F9002F0A8E /* Assets.xcassets in Resources */ = {isa = PBXBuildFile; fileRef = 1967FFEB1E8E57F9002F0A8E /* Assets.xcassets */; };
		1967FFEF1E8E57F9002F0A8E /* LaunchScreen.storyboard in Resources */ = {isa = PBXBuildFile; fileRef = 1967FFED1E8E57F9002F0A8E /* LaunchScreen.storyboard */; };
		1967FFFA1E8E57FA002F0A8E /* Judo_HeroesTests.swift in Sources */ = {isa = PBXBuildFile; fileRef = 1967FFF91E8E57FA002F0A8E /* Judo_HeroesTests.swift */; };
		197754791E94D68800EDDB2B /* CategoriesVC.swift in Sources */ = {isa = PBXBuildFile; fileRef = 197754781E94D68800EDDB2B /* CategoriesVC.swift */; };
		1977547B1E94DAB700EDDB2B /* MenCategoriesCVCell.swift in Sources */ = {isa = PBXBuildFile; fileRef = 1977547A1E94DAB700EDDB2B /* MenCategoriesCVCell.swift */; };
		1977547D1E94DADD00EDDB2B /* WomenCategoriesCVCell.swift in Sources */ = {isa = PBXBuildFile; fileRef = 1977547C1E94DADD00EDDB2B /* WomenCategoriesCVCell.swift */; };
		199CA5B81E9D035000B591DB /* CompetitorsVC.swift in Sources */ = {isa = PBXBuildFile; fileRef = 199CA5B71E9D035000B591DB /* CompetitorsVC.swift */; };
		199CA5BA1E9D046B00B591DB /* CompetitorTVC.swift in Sources */ = {isa = PBXBuildFile; fileRef = 199CA5B91E9D046B00B591DB /* CompetitorTVC.swift */; };
		19E5E3B01E92CB4400E62733 /* Competition.swift in Sources */ = {isa = PBXBuildFile; fileRef = 19E5E3AF1E92CB4400E62733 /* Competition.swift */; };
		19E5E3B61E93991700E62733 /* CompetitionInfoVC.swift in Sources */ = {isa = PBXBuildFile; fileRef = 19E5E3B51E93991700E62733 /* CompetitionInfoVC.swift */; };
		19FC50D31E8E5F8600DCB6DD /* LoginViewController.swift in Sources */ = {isa = PBXBuildFile; fileRef = 19FC50D21E8E5F8600DCB6DD /* LoginViewController.swift */; };
		19FC50D51E8E623200DCB6DD /* GoogleService-Info.plist in Resources */ = {isa = PBXBuildFile; fileRef = 19FC50D41E8E623200DCB6DD /* GoogleService-Info.plist */; };
		AF0E850235D8DD0597A8701E /* Pods_Judo_Heroes.framework in Frameworks */ = {isa = PBXBuildFile; fileRef = F83EDDA768991B8E583BC434 /* Pods_Judo_Heroes.framework */; };
		F45218196315863D1DDB38DB /* Pods_Judo_HeroesUITests.framework in Frameworks */ = {isa = PBXBuildFile; fileRef = 72DC84F0609A74086D779B2A /* Pods_Judo_HeroesUITests.framework */; };
/* End PBXBuildFile section */

/* Begin PBXContainerItemProxy section */
		196700011E8E57FA002F0A8E /* PBXContainerItemProxy */ = {
			isa = PBXContainerItemProxy;
			containerPortal = 1967FFD61E8E57F9002F0A8E /* Project object */;
			proxyType = 1;
			remoteGlobalIDString = 1967FFDD1E8E57F9002F0A8E;
			remoteInfo = "Judo Heroes";
		};
		1967FFF61E8E57FA002F0A8E /* PBXContainerItemProxy */ = {
			isa = PBXContainerItemProxy;
			containerPortal = 1967FFD61E8E57F9002F0A8E /* Project object */;
			proxyType = 1;
			remoteGlobalIDString = 1967FFDD1E8E57F9002F0A8E;
			remoteInfo = "Judo Heroes";
		};
/* End PBXContainerItemProxy section */

/* Begin PBXFileReference section */
		196700001E8E57FA002F0A8E /* Judo HeroesUITests.xctest */ = {isa = PBXFileReference; explicitFileType = wrapper.cfbundle; includeInIndex = 0; path = "Judo HeroesUITests.xctest"; sourceTree = BUILT_PRODUCTS_DIR; };
		196700041E8E57FA002F0A8E /* Judo_HeroesUITests.swift */ = {isa = PBXFileReference; lastKnownFileType = sourcecode.swift; path = Judo_HeroesUITests.swift; sourceTree = "<group>"; };
		196700061E8E57FA002F0A8E /* Info.plist */ = {isa = PBXFileReference; lastKnownFileType = text.plist.xml; path = Info.plist; sourceTree = "<group>"; };
		1967FFDE1E8E57F9002F0A8E /* Judo Heroes.app */ = {isa = PBXFileReference; explicitFileType = wrapper.application; includeInIndex = 0; path = "Judo Heroes.app"; sourceTree = BUILT_PRODUCTS_DIR; };
		1967FFE11E8E57F9002F0A8E /* AppDelegate.swift */ = {isa = PBXFileReference; lastKnownFileType = sourcecode.swift; path = AppDelegate.swift; sourceTree = "<group>"; };
		1967FFE31E8E57F9002F0A8E /* ViewController.swift */ = {isa = PBXFileReference; lastKnownFileType = sourcecode.swift; path = ViewController.swift; sourceTree = "<group>"; };
		1967FFE61E8E57F9002F0A8E /* Base */ = {isa = PBXFileReference; lastKnownFileType = file.storyboard; name = Base; path = Base.lproj/Main.storyboard; sourceTree = "<group>"; };
		1967FFE91E8E57F9002F0A8E /* Judo_Heroes.xcdatamodel */ = {isa = PBXFileReference; lastKnownFileType = wrapper.xcdatamodel; path = Judo_Heroes.xcdatamodel; sourceTree = "<group>"; };
		1967FFEB1E8E57F9002F0A8E /* Assets.xcassets */ = {isa = PBXFileReference; lastKnownFileType = folder.assetcatalog; path = Assets.xcassets; sourceTree = "<group>"; };
		1967FFEE1E8E57F9002F0A8E /* Base */ = {isa = PBXFileReference; lastKnownFileType = file.storyboard; name = Base; path = Base.lproj/LaunchScreen.storyboard; sourceTree = "<group>"; };
		1967FFF01E8E57F9002F0A8E /* Info.plist */ = {isa = PBXFileReference; lastKnownFileType = text.plist.xml; path = Info.plist; sourceTree = "<group>"; };
		1967FFF51E8E57FA002F0A8E /* Judo HeroesTests.xctest */ = {isa = PBXFileReference; explicitFileType = wrapper.cfbundle; includeInIndex = 0; path = "Judo HeroesTests.xctest"; sourceTree = BUILT_PRODUCTS_DIR; };
		1967FFF91E8E57FA002F0A8E /* Judo_HeroesTests.swift */ = {isa = PBXFileReference; lastKnownFileType = sourcecode.swift; path = Judo_HeroesTests.swift; sourceTree = "<group>"; };
		1967FFFB1E8E57FA002F0A8E /* Info.plist */ = {isa = PBXFileReference; lastKnownFileType = text.plist.xml; path = Info.plist; sourceTree = "<group>"; };
		197754781E94D68800EDDB2B /* CategoriesVC.swift */ = {isa = PBXFileReference; fileEncoding = 4; lastKnownFileType = sourcecode.swift; path = CategoriesVC.swift; sourceTree = "<group>"; };
		1977547A1E94DAB700EDDB2B /* MenCategoriesCVCell.swift */ = {isa = PBXFileReference; fileEncoding = 4; lastKnownFileType = sourcecode.swift; path = MenCategoriesCVCell.swift; sourceTree = "<group>"; };
		1977547C1E94DADD00EDDB2B /* WomenCategoriesCVCell.swift */ = {isa = PBXFileReference; fileEncoding = 4; lastKnownFileType = sourcecode.swift; path = WomenCategoriesCVCell.swift; sourceTree = "<group>"; };
		199CA5B71E9D035000B591DB /* CompetitorsVC.swift */ = {isa = PBXFileReference; fileEncoding = 4; lastKnownFileType = sourcecode.swift; path = CompetitorsVC.swift; sourceTree = "<group>"; };
		199CA5B91E9D046B00B591DB /* CompetitorTVC.swift */ = {isa = PBXFileReference; fileEncoding = 4; lastKnownFileType = sourcecode.swift; path = CompetitorTVC.swift; sourceTree = "<group>"; };
		19E5E3AF1E92CB4400E62733 /* Competition.swift */ = {isa = PBXFileReference; fileEncoding = 4; lastKnownFileType = sourcecode.swift; path = Competition.swift; sourceTree = "<group>"; };
		19E5E3B51E93991700E62733 /* CompetitionInfoVC.swift */ = {isa = PBXFileReference; fileEncoding = 4; lastKnownFileType = sourcecode.swift; path = CompetitionInfoVC.swift; sourceTree = "<group>"; };
		19FC50D21E8E5F8600DCB6DD /* LoginViewController.swift */ = {isa = PBXFileReference; fileEncoding = 4; lastKnownFileType = sourcecode.swift; path = LoginViewController.swift; sourceTree = "<group>"; };
		19FC50D41E8E623200DCB6DD /* GoogleService-Info.plist */ = {isa = PBXFileReference; fileEncoding = 4; lastKnownFileType = text.plist.xml; path = "GoogleService-Info.plist"; sourceTree = "<group>"; };
		3D50FF57E12A418BF5BAF824 /* Pods-Judo Heroes.debug.xcconfig */ = {isa = PBXFileReference; includeInIndex = 1; lastKnownFileType = text.xcconfig; name = "Pods-Judo Heroes.debug.xcconfig"; path = "Pods/Target Support Files/Pods-Judo Heroes/Pods-Judo Heroes.debug.xcconfig"; sourceTree = "<group>"; };
		56C83B5DD807D8BE53678BB1 /* Pods-Judo HeroesTests.debug.xcconfig */ = {isa = PBXFileReference; includeInIndex = 1; lastKnownFileType = text.xcconfig; name = "Pods-Judo HeroesTests.debug.xcconfig"; path = "Pods/Target Support Files/Pods-Judo HeroesTests/Pods-Judo HeroesTests.debug.xcconfig"; sourceTree = "<group>"; };
		72DC84F0609A74086D779B2A /* Pods_Judo_HeroesUITests.framework */ = {isa = PBXFileReference; explicitFileType = wrapper.framework; includeInIndex = 0; path = Pods_Judo_HeroesUITests.framework; sourceTree = BUILT_PRODUCTS_DIR; };
		A52026E99DCF1729023FA64F /* Pods-Judo HeroesUITests.debug.xcconfig */ = {isa = PBXFileReference; includeInIndex = 1; lastKnownFileType = text.xcconfig; name = "Pods-Judo HeroesUITests.debug.xcconfig"; path = "Pods/Target Support Files/Pods-Judo HeroesUITests/Pods-Judo HeroesUITests.debug.xcconfig"; sourceTree = "<group>"; };
		A5949E4307CEFD91FEA609DD /* Pods-Judo HeroesTests.release.xcconfig */ = {isa = PBXFileReference; includeInIndex = 1; lastKnownFileType = text.xcconfig; name = "Pods-Judo HeroesTests.release.xcconfig"; path = "Pods/Target Support Files/Pods-Judo HeroesTests/Pods-Judo HeroesTests.release.xcconfig"; sourceTree = "<group>"; };
		AB539F89C670EE9463C180B0 /* Pods_Judo_HeroesTests.framework */ = {isa = PBXFileReference; explicitFileType = wrapper.framework; includeInIndex = 0; path = Pods_Judo_HeroesTests.framework; sourceTree = BUILT_PRODUCTS_DIR; };
		CE89F3148A191ADC972637F6 /* Pods-Judo Heroes.release.xcconfig */ = {isa = PBXFileReference; includeInIndex = 1; lastKnownFileType = text.xcconfig; name = "Pods-Judo Heroes.release.xcconfig"; path = "Pods/Target Support Files/Pods-Judo Heroes/Pods-Judo Heroes.release.xcconfig"; sourceTree = "<group>"; };
		F83EDDA768991B8E583BC434 /* Pods_Judo_Heroes.framework */ = {isa = PBXFileReference; explicitFileType = wrapper.framework; includeInIndex = 0; path = Pods_Judo_Heroes.framework; sourceTree = BUILT_PRODUCTS_DIR; };
		FC636E70293144FBC86DD737 /* Pods-Judo HeroesUITests.release.xcconfig */ = {isa = PBXFileReference; includeInIndex = 1; lastKnownFileType = text.xcconfig; name = "Pods-Judo HeroesUITests.release.xcconfig"; path = "Pods/Target Support Files/Pods-Judo HeroesUITests/Pods-Judo HeroesUITests.release.xcconfig"; sourceTree = "<group>"; };
/* End PBXFileReference section */

/* Begin PBXFrameworksBuildPhase section */
		1967FFDB1E8E57F9002F0A8E /* Frameworks */ = {
			isa = PBXFrameworksBuildPhase;
			buildActionMask = 2147483647;
			files = (
				AF0E850235D8DD0597A8701E /* Pods_Judo_Heroes.framework in Frameworks */,
			);
			runOnlyForDeploymentPostprocessing = 0;
		};
		1967FFF21E8E57FA002F0A8E /* Frameworks */ = {
			isa = PBXFrameworksBuildPhase;
			buildActionMask = 2147483647;
			files = (
				01F7B877683ABD81346731F5 /* Pods_Judo_HeroesTests.framework in Frameworks */,
			);
			runOnlyForDeploymentPostprocessing = 0;
		};
		1967FFFD1E8E57FA002F0A8E /* Frameworks */ = {
			isa = PBXFrameworksBuildPhase;
			buildActionMask = 2147483647;
			files = (
				F45218196315863D1DDB38DB /* Pods_Judo_HeroesUITests.framework in Frameworks */,
			);
			runOnlyForDeploymentPostprocessing = 0;
		};
/* End PBXFrameworksBuildPhase section */

/* Begin PBXGroup section */
		196700031E8E57FA002F0A8E /* Judo HeroesUITests */ = {
			isa = PBXGroup;
			children = (
				196700041E8E57FA002F0A8E /* Judo_HeroesUITests.swift */,
				196700061E8E57FA002F0A8E /* Info.plist */,
			);
			path = "Judo HeroesUITests";
			sourceTree = "<group>";
		};
		1967FFD51E8E57F9002F0A8E = {
			isa = PBXGroup;
			children = (
				1967FFE01E8E57F9002F0A8E /* Judo Heroes */,
				1967FFF81E8E57FA002F0A8E /* Judo HeroesTests */,
				196700031E8E57FA002F0A8E /* Judo HeroesUITests */,
				1967FFDF1E8E57F9002F0A8E /* Products */,
				6786BE1B65361B163BA6C755 /* Pods */,
				2CE5F83443322B52ED9DAF30 /* Frameworks */,
			);
			sourceTree = "<group>";
		};
		1967FFDF1E8E57F9002F0A8E /* Products */ = {
			isa = PBXGroup;
			children = (
				1967FFDE1E8E57F9002F0A8E /* Judo Heroes.app */,
				1967FFF51E8E57FA002F0A8E /* Judo HeroesTests.xctest */,
				196700001E8E57FA002F0A8E /* Judo HeroesUITests.xctest */,
			);
			name = Products;
			sourceTree = "<group>";
		};
		1967FFE01E8E57F9002F0A8E /* Judo Heroes */ = {
			isa = PBXGroup;
			children = (
				1967FFE11E8E57F9002F0A8E /* AppDelegate.swift */,
				19E5E3B71E93A66F00E62733 /* Model */,
				19E5E3B81E93A67600E62733 /* Controller */,
				19E5E3B91E93A69700E62733 /* View */,
				1967FFE51E8E57F9002F0A8E /* Main.storyboard */,
				1967FFEB1E8E57F9002F0A8E /* Assets.xcassets */,
				1967FFED1E8E57F9002F0A8E /* LaunchScreen.storyboard */,
				1967FFF01E8E57F9002F0A8E /* Info.plist */,
				1967FFE81E8E57F9002F0A8E /* Judo_Heroes.xcdatamodeld */,
				19FC50D41E8E623200DCB6DD /* GoogleService-Info.plist */,
			);
			path = "Judo Heroes";
			sourceTree = "<group>";
		};
		1967FFF81E8E57FA002F0A8E /* Judo HeroesTests */ = {
			isa = PBXGroup;
			children = (
				1967FFF91E8E57FA002F0A8E /* Judo_HeroesTests.swift */,
				1967FFFB1E8E57FA002F0A8E /* Info.plist */,
			);
			path = "Judo HeroesTests";
			sourceTree = "<group>";
		};
		19E5E3B71E93A66F00E62733 /* Model */ = {
			isa = PBXGroup;
			children = (
				19E5E3AF1E92CB4400E62733 /* Competition.swift */,
			);
			name = Model;
			sourceTree = "<group>";
		};
		19E5E3B81E93A67600E62733 /* Controller */ = {
			isa = PBXGroup;
			children = (
				19FC50D21E8E5F8600DCB6DD /* LoginViewController.swift */,
				1967FFE31E8E57F9002F0A8E /* ViewController.swift */,
				19E5E3B51E93991700E62733 /* CompetitionInfoVC.swift */,
				197754781E94D68800EDDB2B /* CategoriesVC.swift */,
				199CA5B71E9D035000B591DB /* CompetitorsVC.swift */,
			);
			name = Controller;
			sourceTree = "<group>";
		};
		19E5E3B91E93A69700E62733 /* View */ = {
			isa = PBXGroup;
			children = (
				1977547A1E94DAB700EDDB2B /* MenCategoriesCVCell.swift */,
				1977547C1E94DADD00EDDB2B /* WomenCategoriesCVCell.swift */,
				199CA5B91E9D046B00B591DB /* CompetitorTVC.swift */,
			);
			name = View;
			sourceTree = "<group>";
		};
		2CE5F83443322B52ED9DAF30 /* Frameworks */ = {
			isa = PBXGroup;
			children = (
				F83EDDA768991B8E583BC434 /* Pods_Judo_Heroes.framework */,
				AB539F89C670EE9463C180B0 /* Pods_Judo_HeroesTests.framework */,
				72DC84F0609A74086D779B2A /* Pods_Judo_HeroesUITests.framework */,
			);
			name = Frameworks;
			sourceTree = "<group>";
		};
		6786BE1B65361B163BA6C755 /* Pods */ = {
			isa = PBXGroup;
			children = (
				3D50FF57E12A418BF5BAF824 /* Pods-Judo Heroes.debug.xcconfig */,
				CE89F3148A191ADC972637F6 /* Pods-Judo Heroes.release.xcconfig */,
				56C83B5DD807D8BE53678BB1 /* Pods-Judo HeroesTests.debug.xcconfig */,
				A5949E4307CEFD91FEA609DD /* Pods-Judo HeroesTests.release.xcconfig */,
				A52026E99DCF1729023FA64F /* Pods-Judo HeroesUITests.debug.xcconfig */,
				FC636E70293144FBC86DD737 /* Pods-Judo HeroesUITests.release.xcconfig */,
			);
			name = Pods;
			sourceTree = "<group>";
		};
/* End PBXGroup section */

/* Begin PBXNativeTarget section */
		1967FFDD1E8E57F9002F0A8E /* Judo Heroes */ = {
			isa = PBXNativeTarget;
			buildConfigurationList = 196700091E8E57FA002F0A8E /* Build configuration list for PBXNativeTarget "Judo Heroes" */;
			buildPhases = (
				B12D1F10F084C90D1B534A38 /* [CP] Check Pods Manifest.lock */,
				1967FFDA1E8E57F9002F0A8E /* Sources */,
				1967FFDB1E8E57F9002F0A8E /* Frameworks */,
				1967FFDC1E8E57F9002F0A8E /* Resources */,
				4A066119C45F8BA818D141FF /* [CP] Embed Pods Frameworks */,
				1B05C11674269F0EDD31D3CF /* [CP] Copy Pods Resources */,
			);
			buildRules = (
			);
			dependencies = (
			);
			name = "Judo Heroes";
			productName = "Judo Heroes";
			productReference = 1967FFDE1E8E57F9002F0A8E /* Judo Heroes.app */;
			productType = "com.apple.product-type.application";
		};
		1967FFF41E8E57FA002F0A8E /* Judo HeroesTests */ = {
			isa = PBXNativeTarget;
			buildConfigurationList = 1967000C1E8E57FA002F0A8E /* Build configuration list for PBXNativeTarget "Judo HeroesTests" */;
			buildPhases = (
				511CE3BE3F409526FFF204F4 /* [CP] Check Pods Manifest.lock */,
				1967FFF11E8E57FA002F0A8E /* Sources */,
				1967FFF21E8E57FA002F0A8E /* Frameworks */,
				1967FFF31E8E57FA002F0A8E /* Resources */,
				C6AA97B9A9E635A928BDD6BA /* [CP] Embed Pods Frameworks */,
				7CA3AA56AC2BAD023DB141B6 /* [CP] Copy Pods Resources */,
			);
			buildRules = (
			);
			dependencies = (
				1967FFF71E8E57FA002F0A8E /* PBXTargetDependency */,
			);
			name = "Judo HeroesTests";
			productName = "Judo HeroesTests";
			productReference = 1967FFF51E8E57FA002F0A8E /* Judo HeroesTests.xctest */;
			productType = "com.apple.product-type.bundle.unit-test";
		};
		1967FFFF1E8E57FA002F0A8E /* Judo HeroesUITests */ = {
			isa = PBXNativeTarget;
			buildConfigurationList = 1967000F1E8E57FA002F0A8E /* Build configuration list for PBXNativeTarget "Judo HeroesUITests" */;
			buildPhases = (
				F80956EFD93446A8DCD56CAF /* [CP] Check Pods Manifest.lock */,
				1967FFFC1E8E57FA002F0A8E /* Sources */,
				1967FFFD1E8E57FA002F0A8E /* Frameworks */,
				1967FFFE1E8E57FA002F0A8E /* Resources */,
				7D3D52210DA2CBED8D7538D5 /* [CP] Copy Pods Resources */,
			);
			buildRules = (
			);
			dependencies = (
				196700021E8E57FA002F0A8E /* PBXTargetDependency */,
			);
			name = "Judo HeroesUITests";
			productName = "Judo HeroesUITests";
			productReference = 196700001E8E57FA002F0A8E /* Judo HeroesUITests.xctest */;
			productType = "com.apple.product-type.bundle.ui-testing";
		};
/* End PBXNativeTarget section */

/* Begin PBXProject section */
		1967FFD61E8E57F9002F0A8E /* Project object */ = {
			isa = PBXProject;
			attributes = {
				LastSwiftUpdateCheck = 0830;
				LastUpgradeCheck = 0830;
				ORGANIZATIONNAME = "Boris Rudas";
				TargetAttributes = {
					1967FFDD1E8E57F9002F0A8E = {
						CreatedOnToolsVersion = 8.3;
						DevelopmentTeam = 73EPTV5GV3;
						ProvisioningStyle = Automatic;
					};
					1967FFF41E8E57FA002F0A8E = {
						CreatedOnToolsVersion = 8.3;
						DevelopmentTeam = 73EPTV5GV3;
						ProvisioningStyle = Automatic;
						TestTargetID = 1967FFDD1E8E57F9002F0A8E;
					};
					1967FFFF1E8E57FA002F0A8E = {
						CreatedOnToolsVersion = 8.3;
						DevelopmentTeam = 73EPTV5GV3;
						ProvisioningStyle = Automatic;
						TestTargetID = 1967FFDD1E8E57F9002F0A8E;
					};
				};
			};
			buildConfigurationList = 1967FFD91E8E57F9002F0A8E /* Build configuration list for PBXProject "Judo Heroes" */;
			compatibilityVersion = "Xcode 3.2";
			developmentRegion = English;
			hasScannedForEncodings = 0;
			knownRegions = (
				en,
				Base,
			);
			mainGroup = 1967FFD51E8E57F9002F0A8E;
			productRefGroup = 1967FFDF1E8E57F9002F0A8E /* Products */;
			projectDirPath = "";
			projectRoot = "";
			targets = (
				1967FFDD1E8E57F9002F0A8E /* Judo Heroes */,
				1967FFF41E8E57FA002F0A8E /* Judo HeroesTests */,
				1967FFFF1E8E57FA002F0A8E /* Judo HeroesUITests */,
			);
		};
/* End PBXProject section */

/* Begin PBXResourcesBuildPhase section */
		1967FFDC1E8E57F9002F0A8E /* Resources */ = {
			isa = PBXResourcesBuildPhase;
			buildActionMask = 2147483647;
			files = (
				1967FFEF1E8E57F9002F0A8E /* LaunchScreen.storyboard in Resources */,
				19FC50D51E8E623200DCB6DD /* GoogleService-Info.plist in Resources */,
				1967FFEC1E8E57F9002F0A8E /* Assets.xcassets in Resources */,
				1967FFE71E8E57F9002F0A8E /* Main.storyboard in Resources */,
			);
			runOnlyForDeploymentPostprocessing = 0;
		};
		1967FFF31E8E57FA002F0A8E /* Resources */ = {
			isa = PBXResourcesBuildPhase;
			buildActionMask = 2147483647;
			files = (
			);
			runOnlyForDeploymentPostprocessing = 0;
		};
		1967FFFE1E8E57FA002F0A8E /* Resources */ = {
			isa = PBXResourcesBuildPhase;
			buildActionMask = 2147483647;
			files = (
			);
			runOnlyForDeploymentPostprocessing = 0;
		};
/* End PBXResourcesBuildPhase section */

/* Begin PBXShellScriptBuildPhase section */
		1B05C11674269F0EDD31D3CF /* [CP] Copy Pods Resources */ = {
			isa = PBXShellScriptBuildPhase;
			buildActionMask = 2147483647;
			files = (
			);
			inputPaths = (
			);
			name = "[CP] Copy Pods Resources";
			outputPaths = (
			);
			runOnlyForDeploymentPostprocessing = 0;
			shellPath = /bin/sh;
			shellScript = "\"${SRCROOT}/Pods/Target Support Files/Pods-Judo Heroes/Pods-Judo Heroes-resources.sh\"\n";
			showEnvVarsInLog = 0;
		};
		4A066119C45F8BA818D141FF /* [CP] Embed Pods Frameworks */ = {
			isa = PBXShellScriptBuildPhase;
			buildActionMask = 2147483647;
			files = (
			);
			inputPaths = (
			);
			name = "[CP] Embed Pods Frameworks";
			outputPaths = (
			);
			runOnlyForDeploymentPostprocessing = 0;
			shellPath = /bin/sh;
			shellScript = "\"${SRCROOT}/Pods/Target Support Files/Pods-Judo Heroes/Pods-Judo Heroes-frameworks.sh\"\n";
			showEnvVarsInLog = 0;
		};
		511CE3BE3F409526FFF204F4 /* [CP] Check Pods Manifest.lock */ = {
			isa = PBXShellScriptBuildPhase;
			buildActionMask = 2147483647;
			files = (
			);
			inputPaths = (
			);
			name = "[CP] Check Pods Manifest.lock";
			outputPaths = (
			);
			runOnlyForDeploymentPostprocessing = 0;
			shellPath = /bin/sh;
			shellScript = "diff \"${PODS_ROOT}/../Podfile.lock\" \"${PODS_ROOT}/Manifest.lock\" > /dev/null\nif [[ $? != 0 ]] ; then\n    cat << EOM\nerror: The sandbox is not in sync with the Podfile.lock. Run 'pod install' or update your CocoaPods installation.\nEOM\n    exit 1\nfi\n";
			showEnvVarsInLog = 0;
		};
		7CA3AA56AC2BAD023DB141B6 /* [CP] Copy Pods Resources */ = {
			isa = PBXShellScriptBuildPhase;
			buildActionMask = 2147483647;
			files = (
			);
			inputPaths = (
			);
			name = "[CP] Copy Pods Resources";
			outputPaths = (
			);
			runOnlyForDeploymentPostprocessing = 0;
			shellPath = /bin/sh;
			shellScript = "\"${SRCROOT}/Pods/Target Support Files/Pods-Judo HeroesTests/Pods-Judo HeroesTests-resources.sh\"\n";
			showEnvVarsInLog = 0;
		};
		7D3D52210DA2CBED8D7538D5 /* [CP] Copy Pods Resources */ = {
			isa = PBXShellScriptBuildPhase;
			buildActionMask = 2147483647;
			files = (
			);
			inputPaths = (
			);
			name = "[CP] Copy Pods Resources";
			outputPaths = (
			);
			runOnlyForDeploymentPostprocessing = 0;
			shellPath = /bin/sh;
			shellScript = "\"${SRCROOT}/Pods/Target Support Files/Pods-Judo HeroesUITests/Pods-Judo HeroesUITests-resources.sh\"\n";
			showEnvVarsInLog = 0;
		};
		B12D1F10F084C90D1B534A38 /* [CP] Check Pods Manifest.lock */ = {
			isa = PBXShellScriptBuildPhase;
			buildActionMask = 2147483647;
			files = (
			);
			inputPaths = (
			);
			name = "[CP] Check Pods Manifest.lock";
			outputPaths = (
			);
			runOnlyForDeploymentPostprocessing = 0;
			shellPath = /bin/sh;
			shellScript = "diff \"${PODS_ROOT}/../Podfile.lock\" \"${PODS_ROOT}/Manifest.lock\" > /dev/null\nif [[ $? != 0 ]] ; then\n    cat << EOM\nerror: The sandbox is not in sync with the Podfile.lock. Run 'pod install' or update your CocoaPods installation.\nEOM\n    exit 1\nfi\n";
			showEnvVarsInLog = 0;
		};
		C6AA97B9A9E635A928BDD6BA /* [CP] Embed Pods Frameworks */ = {
			isa = PBXShellScriptBuildPhase;
			buildActionMask = 2147483647;
			files = (
			);
			inputPaths = (
			);
			name = "[CP] Embed Pods Frameworks";
			outputPaths = (
			);
			runOnlyForDeploymentPostprocessing = 0;
			shellPath = /bin/sh;
			shellScript = "\"${SRCROOT}/Pods/Target Support Files/Pods-Judo HeroesTests/Pods-Judo HeroesTests-frameworks.sh\"\n";
			showEnvVarsInLog = 0;
		};
		F80956EFD93446A8DCD56CAF /* [CP] Check Pods Manifest.lock */ = {
			isa = PBXShellScriptBuildPhase;
			buildActionMask = 2147483647;
			files = (
			);
			inputPaths = (
			);
			name = "[CP] Check Pods Manifest.lock";
			outputPaths = (
			);
			runOnlyForDeploymentPostprocessing = 0;
			shellPath = /bin/sh;
			shellScript = "diff \"${PODS_ROOT}/../Podfile.lock\" \"${PODS_ROOT}/Manifest.lock\" > /dev/null\nif [[ $? != 0 ]] ; then\n    cat << EOM\nerror: The sandbox is not in sync with the Podfile.lock. Run 'pod install' or update your CocoaPods installation.\nEOM\n    exit 1\nfi\n";
			showEnvVarsInLog = 0;
		};
/* End PBXShellScriptBuildPhase section */

/* Begin PBXSourcesBuildPhase section */
		1967FFDA1E8E57F9002F0A8E /* Sources */ = {
			isa = PBXSourcesBuildPhase;
			buildActionMask = 2147483647;
			files = (
				1977547D1E94DADD00EDDB2B /* WomenCategoriesCVCell.swift in Sources */,
				19FC50D31E8E5F8600DCB6DD /* LoginViewController.swift in Sources */,
				19E5E3B01E92CB4400E62733 /* Competition.swift in Sources */,
				19E5E3B61E93991700E62733 /* CompetitionInfoVC.swift in Sources */,
				1977547B1E94DAB700EDDB2B /* MenCategoriesCVCell.swift in Sources */,
				1967FFEA1E8E57F9002F0A8E /* Judo_Heroes.xcdatamodeld in Sources */,
				199CA5BA1E9D046B00B591DB /* CompetitorTVC.swift in Sources */,
				199CA5B81E9D035000B591DB /* CompetitorsVC.swift in Sources */,
				1967FFE41E8E57F9002F0A8E /* ViewController.swift in Sources */,
				1967FFE21E8E57F9002F0A8E /* AppDelegate.swift in Sources */,
				197754791E94D68800EDDB2B /* CategoriesVC.swift in Sources */,
			);
			runOnlyForDeploymentPostprocessing = 0;
		};
		1967FFF11E8E57FA002F0A8E /* Sources */ = {
			isa = PBXSourcesBuildPhase;
			buildActionMask = 2147483647;
			files = (
				1967FFFA1E8E57FA002F0A8E /* Judo_HeroesTests.swift in Sources */,
			);
			runOnlyForDeploymentPostprocessing = 0;
		};
		1967FFFC1E8E57FA002F0A8E /* Sources */ = {
			isa = PBXSourcesBuildPhase;
			buildActionMask = 2147483647;
			files = (
				196700051E8E57FA002F0A8E /* Judo_HeroesUITests.swift in Sources */,
			);
			runOnlyForDeploymentPostprocessing = 0;
		};
/* End PBXSourcesBuildPhase section */

/* Begin PBXTargetDependency section */
		196700021E8E57FA002F0A8E /* PBXTargetDependency */ = {
			isa = PBXTargetDependency;
			target = 1967FFDD1E8E57F9002F0A8E /* Judo Heroes */;
			targetProxy = 196700011E8E57FA002F0A8E /* PBXContainerItemProxy */;
		};
		1967FFF71E8E57FA002F0A8E /* PBXTargetDependency */ = {
			isa = PBXTargetDependency;
			target = 1967FFDD1E8E57F9002F0A8E /* Judo Heroes */;
			targetProxy = 1967FFF61E8E57FA002F0A8E /* PBXContainerItemProxy */;
		};
/* End PBXTargetDependency section */

/* Begin PBXVariantGroup section */
		1967FFE51E8E57F9002F0A8E /* Main.storyboard */ = {
			isa = PBXVariantGroup;
			children = (
				1967FFE61E8E57F9002F0A8E /* Base */,
			);
			name = Main.storyboard;
			sourceTree = "<group>";
		};
		1967FFED1E8E57F9002F0A8E /* LaunchScreen.storyboard */ = {
			isa = PBXVariantGroup;
			children = (
				1967FFEE1E8E57F9002F0A8E /* Base */,
			);
			name = LaunchScreen.storyboard;
			sourceTree = "<group>";
		};
/* End PBXVariantGroup section */

/* Begin XCBuildConfiguration section */
		196700071E8E57FA002F0A8E /* Debug */ = {
			isa = XCBuildConfiguration;
			buildSettings = {
				ALWAYS_SEARCH_USER_PATHS = NO;
				CLANG_ANALYZER_NONNULL = YES;
				CLANG_ANALYZER_NUMBER_OBJECT_CONVERSION = YES_AGGRESSIVE;
				CLANG_CXX_LANGUAGE_STANDARD = "gnu++0x";
				CLANG_CXX_LIBRARY = "libc++";
				CLANG_ENABLE_MODULES = YES;
				CLANG_ENABLE_OBJC_ARC = YES;
				CLANG_WARN_BOOL_CONVERSION = YES;
				CLANG_WARN_CONSTANT_CONVERSION = YES;
				CLANG_WARN_DIRECT_OBJC_ISA_USAGE = YES_ERROR;
				CLANG_WARN_DOCUMENTATION_COMMENTS = YES;
				CLANG_WARN_EMPTY_BODY = YES;
				CLANG_WARN_ENUM_CONVERSION = YES;
				CLANG_WARN_INFINITE_RECURSION = YES;
				CLANG_WARN_INT_CONVERSION = YES;
				CLANG_WARN_OBJC_ROOT_CLASS = YES_ERROR;
				CLANG_WARN_SUSPICIOUS_MOVE = YES;
				CLANG_WARN_UNREACHABLE_CODE = YES;
				CLANG_WARN__DUPLICATE_METHOD_MATCH = YES;
				"CODE_SIGN_IDENTITY[sdk=iphoneos*]" = "iPhone Developer";
				COPY_PHASE_STRIP = NO;
				DEBUG_INFORMATION_FORMAT = dwarf;
				ENABLE_STRICT_OBJC_MSGSEND = YES;
				ENABLE_TESTABILITY = YES;
				GCC_C_LANGUAGE_STANDARD = gnu99;
				GCC_DYNAMIC_NO_PIC = NO;
				GCC_NO_COMMON_BLOCKS = YES;
				GCC_OPTIMIZATION_LEVEL = 0;
				GCC_PREPROCESSOR_DEFINITIONS = (
					"DEBUG=1",
					"$(inherited)",
				);
				GCC_WARN_64_TO_32_BIT_CONVERSION = YES;
				GCC_WARN_ABOUT_RETURN_TYPE = YES_ERROR;
				GCC_WARN_UNDECLARED_SELECTOR = YES;
				GCC_WARN_UNINITIALIZED_AUTOS = YES_AGGRESSIVE;
				GCC_WARN_UNUSED_FUNCTION = YES;
				GCC_WARN_UNUSED_VARIABLE = YES;
				IPHONEOS_DEPLOYMENT_TARGET = 10.3;
				MTL_ENABLE_DEBUG_INFO = YES;
				ONLY_ACTIVE_ARCH = YES;
				SDKROOT = iphoneos;
				SWIFT_ACTIVE_COMPILATION_CONDITIONS = DEBUG;
				SWIFT_OPTIMIZATION_LEVEL = "-Onone";
				TARGETED_DEVICE_FAMILY = "1,2";
			};
			name = Debug;
		};
		196700081E8E57FA002F0A8E /* Release */ = {
			isa = XCBuildConfiguration;
			buildSettings = {
				ALWAYS_SEARCH_USER_PATHS = NO;
				CLANG_ANALYZER_NONNULL = YES;
				CLANG_ANALYZER_NUMBER_OBJECT_CONVERSION = YES_AGGRESSIVE;
				CLANG_CXX_LANGUAGE_STANDARD = "gnu++0x";
				CLANG_CXX_LIBRARY = "libc++";
				CLANG_ENABLE_MODULES = YES;
				CLANG_ENABLE_OBJC_ARC = YES;
				CLANG_WARN_BOOL_CONVERSION = YES;
				CLANG_WARN_CONSTANT_CONVERSION = YES;
				CLANG_WARN_DIRECT_OBJC_ISA_USAGE = YES_ERROR;
				CLANG_WARN_DOCUMENTATION_COMMENTS = YES;
				CLANG_WARN_EMPTY_BODY = YES;
				CLANG_WARN_ENUM_CONVERSION = YES;
				CLANG_WARN_INFINITE_RECURSION = YES;
				CLANG_WARN_INT_CONVERSION = YES;
				CLANG_WARN_OBJC_ROOT_CLASS = YES_ERROR;
				CLANG_WARN_SUSPICIOUS_MOVE = YES;
				CLANG_WARN_UNREACHABLE_CODE = YES;
				CLANG_WARN__DUPLICATE_METHOD_MATCH = YES;
				"CODE_SIGN_IDENTITY[sdk=iphoneos*]" = "iPhone Developer";
				COPY_PHASE_STRIP = NO;
				DEBUG_INFORMATION_FORMAT = "dwarf-with-dsym";
				ENABLE_NS_ASSERTIONS = NO;
				ENABLE_STRICT_OBJC_MSGSEND = YES;
				GCC_C_LANGUAGE_STANDARD = gnu99;
				GCC_NO_COMMON_BLOCKS = YES;
				GCC_WARN_64_TO_32_BIT_CONVERSION = YES;
				GCC_WARN_ABOUT_RETURN_TYPE = YES_ERROR;
				GCC_WARN_UNDECLARED_SELECTOR = YES;
				GCC_WARN_UNINITIALIZED_AUTOS = YES_AGGRESSIVE;
				GCC_WARN_UNUSED_FUNCTION = YES;
				GCC_WARN_UNUSED_VARIABLE = YES;
				IPHONEOS_DEPLOYMENT_TARGET = 10.3;
				MTL_ENABLE_DEBUG_INFO = NO;
				SDKROOT = iphoneos;
				SWIFT_OPTIMIZATION_LEVEL = "-Owholemodule";
				TARGETED_DEVICE_FAMILY = "1,2";
				VALIDATE_PRODUCT = YES;
			};
			name = Release;
		};
		1967000A1E8E57FA002F0A8E /* Debug */ = {
			isa = XCBuildConfiguration;
			baseConfigurationReference = 3D50FF57E12A418BF5BAF824 /* Pods-Judo Heroes.debug.xcconfig */;
			buildSettings = {
				ASSETCATALOG_COMPILER_APPICON_NAME = AppIcon;
				DEVELOPMENT_TEAM = 73EPTV5GV3;
				INFOPLIST_FILE = "Judo Heroes/Info.plist";
				LD_RUNPATH_SEARCH_PATHS = "$(inherited) @executable_path/Frameworks";
				PRODUCT_BUNDLE_IDENTIFIER = "com.bobek00.Judo-Heroes";
				PRODUCT_NAME = "$(TARGET_NAME)";
				SWIFT_VERSION = 3.0;
			};
			name = Debug;
		};
		1967000B1E8E57FA002F0A8E /* Release */ = {
			isa = XCBuildConfiguration;
			baseConfigurationReference = CE89F3148A191ADC972637F6 /* Pods-Judo Heroes.release.xcconfig */;
			buildSettings = {
				ASSETCATALOG_COMPILER_APPICON_NAME = AppIcon;
				DEVELOPMENT_TEAM = 73EPTV5GV3;
				INFOPLIST_FILE = "Judo Heroes/Info.plist";
				LD_RUNPATH_SEARCH_PATHS = "$(inherited) @executable_path/Frameworks";
				PRODUCT_BUNDLE_IDENTIFIER = "com.bobek00.Judo-Heroes";
				PRODUCT_NAME = "$(TARGET_NAME)";
				SWIFT_VERSION = 3.0;
			};
			name = Release;
		};
		1967000D1E8E57FA002F0A8E /* Debug */ = {
			isa = XCBuildConfiguration;
			baseConfigurationReference = 56C83B5DD807D8BE53678BB1 /* Pods-Judo HeroesTests.debug.xcconfig */;
			buildSettings = {
				ALWAYS_EMBED_SWIFT_STANDARD_LIBRARIES = YES;
				BUNDLE_LOADER = "$(TEST_HOST)";
				DEVELOPMENT_TEAM = 73EPTV5GV3;
				INFOPLIST_FILE = "Judo HeroesTests/Info.plist";
				LD_RUNPATH_SEARCH_PATHS = "$(inherited) @executable_path/Frameworks @loader_path/Frameworks";
				PRODUCT_BUNDLE_IDENTIFIER = "com.bobek00.Judo-HeroesTests";
				PRODUCT_NAME = "$(TARGET_NAME)";
				SWIFT_VERSION = 3.0;
				TEST_HOST = "$(BUILT_PRODUCTS_DIR)/Judo Heroes.app/Judo Heroes";
			};
			name = Debug;
		};
		1967000E1E8E57FA002F0A8E /* Release */ = {
			isa = XCBuildConfiguration;
			baseConfigurationReference = A5949E4307CEFD91FEA609DD /* Pods-Judo HeroesTests.release.xcconfig */;
			buildSettings = {
				ALWAYS_EMBED_SWIFT_STANDARD_LIBRARIES = YES;
				BUNDLE_LOADER = "$(TEST_HOST)";
				DEVELOPMENT_TEAM = 73EPTV5GV3;
				INFOPLIST_FILE = "Judo HeroesTests/Info.plist";
				LD_RUNPATH_SEARCH_PATHS = "$(inherited) @executable_path/Frameworks @loader_path/Frameworks";
				PRODUCT_BUNDLE_IDENTIFIER = "com.bobek00.Judo-HeroesTests";
				PRODUCT_NAME = "$(TARGET_NAME)";
				SWIFT_VERSION = 3.0;
				TEST_HOST = "$(BUILT_PRODUCTS_DIR)/Judo Heroes.app/Judo Heroes";
			};
			name = Release;
		};
		196700101E8E57FA002F0A8E /* Debug */ = {
			isa = XCBuildConfiguration;
			baseConfigurationReference = A52026E99DCF1729023FA64F /* Pods-Judo HeroesUITests.debug.xcconfig */;
			buildSettings = {
				ALWAYS_EMBED_SWIFT_STANDARD_LIBRARIES = YES;
				DEVELOPMENT_TEAM = 73EPTV5GV3;
				INFOPLIST_FILE = "Judo HeroesUITests/Info.plist";
				LD_RUNPATH_SEARCH_PATHS = "$(inherited) @executable_path/Frameworks @loader_path/Frameworks";
				PRODUCT_BUNDLE_IDENTIFIER = "com.bobek00.Judo-HeroesUITests";
				PRODUCT_NAME = "$(TARGET_NAME)";
				SWIFT_VERSION = 3.0;
				TEST_TARGET_NAME = "Judo Heroes";
			};
			name = Debug;
		};
		196700111E8E57FA002F0A8E /* Release */ = {
			isa = XCBuildConfiguration;
			baseConfigurationReference = FC636E70293144FBC86DD737 /* Pods-Judo HeroesUITests.release.xcconfig */;
			buildSettings = {
				ALWAYS_EMBED_SWIFT_STANDARD_LIBRARIES = YES;
				DEVELOPMENT_TEAM = 73EPTV5GV3;
				INFOPLIST_FILE = "Judo HeroesUITests/Info.plist";
				LD_RUNPATH_SEARCH_PATHS = "$(inherited) @executable_path/Frameworks @loader_path/Frameworks";
				PRODUCT_BUNDLE_IDENTIFIER = "com.bobek00.Judo-HeroesUITests";
				PRODUCT_NAME = "$(TARGET_NAME)";
				SWIFT_VERSION = 3.0;
				TEST_TARGET_NAME = "Judo Heroes";
			};
			name = Release;
		};
/* End XCBuildConfiguration section */

/* Begin XCConfigurationList section */
		196700091E8E57FA002F0A8E /* Build configuration list for PBXNativeTarget "Judo Heroes" */ = {
			isa = XCConfigurationList;
			buildConfigurations = (
				1967000A1E8E57FA002F0A8E /* Debug */,
				1967000B1E8E57FA002F0A8E /* Release */,
			);
			defaultConfigurationIsVisible = 0;
			defaultConfigurationName = Release;
		};
		1967000C1E8E57FA002F0A8E /* Build configuration list for PBXNativeTarget "Judo HeroesTests" */ = {
			isa = XCConfigurationList;
			buildConfigurations = (
				1967000D1E8E57FA002F0A8E /* Debug */,
				1967000E1E8E57FA002F0A8E /* Release */,
			);
			defaultConfigurationIsVisible = 0;
			defaultConfigurationName = Release;
		};
		1967000F1E8E57FA002F0A8E /* Build configuration list for PBXNativeTarget "Judo HeroesUITests" */ = {
			isa = XCConfigurationList;
			buildConfigurations = (
				196700101E8E57FA002F0A8E /* Debug */,
				196700111E8E57FA002F0A8E /* Release */,
			);
			defaultConfigurationIsVisible = 0;
			defaultConfigurationName = Release;
		};
		1967FFD91E8E57F9002F0A8E /* Build configuration list for PBXProject "Judo Heroes" */ = {
			isa = XCConfigurationList;
			buildConfigurations = (
				196700071E8E57FA002F0A8E /* Debug */,
				196700081E8E57FA002F0A8E /* Release */,
			);
			defaultConfigurationIsVisible = 0;
			defaultConfigurationName = Release;
		};
/* End XCConfigurationList section */

/* Begin XCVersionGroup section */
		1967FFE81E8E57F9002F0A8E /* Judo_Heroes.xcdatamodeld */ = {
			isa = XCVersionGroup;
			children = (
				1967FFE91E8E57F9002F0A8E /* Judo_Heroes.xcdatamodel */,
			);
			currentVersion = 1967FFE91E8E57F9002F0A8E /* Judo_Heroes.xcdatamodel */;
			path = Judo_Heroes.xcdatamodeld;
			sourceTree = "<group>";
			versionGroupType = wrapper.xcdatamodel;
		};
/* End XCVersionGroup section */
	};
	rootObject = 1967FFD61E8E57F9002F0A8E /* Project object */;
}
